
Microsoft Visual Studio Solution File, Format Version 12.00
# Visual Studio Version 16
VisualStudioVersion = 16.0.32126.315
MinimumVisualStudioVersion = 10.0.40219.1
Project("{F184B08F-C81C-45F6-A57F-5ABD9991F28F}") = "Dice_CB", "Dice_CB\Dice_CB.vbproj", "{FF979729-8093-40F2-A7DD-E42D847E2499}"
EndProject
Global
	GlobalSection(SolutionConfigurationPlatforms) = preSolution
		Debug|Any CPU = Debug|Any CPU
		Release|Any CPU = Release|Any CPU
	EndGlobalSection
	GlobalSection(ProjectConfigurationPlatforms) = postSolution
		{FF979729-8093-40F2-A7DD-E42D847E2499}.Debug|Any CPU.ActiveCfg = Debug|Any CPU
		{FF979729-8093-40F2-A7DD-E42D847E2499}.Debug|Any CPU.Build.0 = Debug|Any CPU
		{FF979729-8093-40F2-A7DD-E42D847E2499}.Release|Any CPU.ActiveCfg = Release|Any CPU
		{FF979729-8093-40F2-A7DD-E42D847E2499}.Release|Any CPU.Build.0 = Release|Any CPU
	EndGlobalSection
	GlobalSection(SolutionProperties) = preSolution
		HideSolutionNode = FALSE
	EndGlobalSection
	GlobalSection(ExtensibilityGlobals) = postSolution
		SolutionGuid = {2E0C5710-048F-42DB-AC12-ED79DF302E9E}
	EndGlobalSection
EndGlobal
